// !$*UTF8*$!
{
	archiveVersion = 1;
	classes = {
	};
	objectVersion = 46;
	objects = {

/* Begin PBXBuildFile section */
		4685CC87E9EF4168376FEC31 /* libPods.a in Frameworks */ = {isa = PBXBuildFile; fileRef = 031E0EC8D723D8F072A5F16D /* libPods.a */; };
		F427992B1C18514200240736 /* main.m in Sources */ = {isa = PBXBuildFile; fileRef = F427992A1C18514200240736 /* main.m */; };
		F427992E1C18514200240736 /* AppDelegate.m in Sources */ = {isa = PBXBuildFile; fileRef = F427992D1C18514200240736 /* AppDelegate.m */; };
		F42799341C18514200240736 /* Main.storyboard in Resources */ = {isa = PBXBuildFile; fileRef = F42799321C18514200240736 /* Main.storyboard */; };
		F42799361C18514200240736 /* Assets.xcassets in Resources */ = {isa = PBXBuildFile; fileRef = F42799351C18514200240736 /* Assets.xcassets */; };
		F42799391C18514200240736 /* LaunchScreen.storyboard in Resources */ = {isa = PBXBuildFile; fileRef = F42799371C18514200240736 /* LaunchScreen.storyboard */; };
		F42799441C18514300240736 /* GengNiuEnglishTests.m in Sources */ = {isa = PBXBuildFile; fileRef = F42799431C18514300240736 /* GengNiuEnglishTests.m */; };
		F427994F1C18514300240736 /* GengNiuEnglishUITests.m in Sources */ = {isa = PBXBuildFile; fileRef = F427994E1C18514300240736 /* GengNiuEnglishUITests.m */; };
		F42FA5E71C8C00E70033C9C9 /* LoginViewController.m in Sources */ = {isa = PBXBuildFile; fileRef = F42FA5E61C8C00E70033C9C9 /* LoginViewController.m */; };
		F42FA5EA1C8C01570033C9C9 /* MobileRegistViewController.m in Sources */ = {isa = PBXBuildFile; fileRef = F42FA5E91C8C01570033C9C9 /* MobileRegistViewController.m */; };
		F42FA5ED1C8C017B0033C9C9 /* EmailRegistViewController.m in Sources */ = {isa = PBXBuildFile; fileRef = F42FA5EC1C8C017B0033C9C9 /* EmailRegistViewController.m */; };
		F42FA5F01C8D29600033C9C9 /* MTDatabaseHelper.m in Sources */ = {isa = PBXBuildFile; fileRef = F42FA5EF1C8D29600033C9C9 /* MTDatabaseHelper.m */; };
		F42FA5F31C8D32C50033C9C9 /* UserAccount.m in Sources */ = {isa = PBXBuildFile; fileRef = F42FA5F21C8D32C50033C9C9 /* UserAccount.m */; };
		F42FA5FC1C8EB1560033C9C9 /* AccountManager.m in Sources */ = {isa = PBXBuildFile; fileRef = F42FA5FB1C8EB1560033C9C9 /* AccountManager.m */; };
		F486C77C1C3A492000CBFBD1 /* LyricItem.m in Sources */ = {isa = PBXBuildFile; fileRef = F486C77B1C3A492000CBFBD1 /* LyricItem.m */; };
		F486C7801C3B8B7C00CBFBD1 /* SampleQueueId.m in Sources */ = {isa = PBXBuildFile; fileRef = F486C77F1C3B8B7C00CBFBD1 /* SampleQueueId.m */; };
		F49467041C27CE0900806DEF /* DataForCell.m in Sources */ = {isa = PBXBuildFile; fileRef = F49467031C27CE0900806DEF /* DataForCell.m */; };
		F494670A1C28ECE900806DEF /* NetworkingManager.m in Sources */ = {isa = PBXBuildFile; fileRef = F49467091C28ECE900806DEF /* NetworkingManager.m */; };
		F4A9AF391C4D0D26004BC7BF /* CommonMethod.m in Sources */ = {isa = PBXBuildFile; fileRef = F4A9AF381C4D0D26004BC7BF /* CommonMethod.m */; };
		F4A9AF3C1C4D2418004BC7BF /* MaterialCell.m in Sources */ = {isa = PBXBuildFile; fileRef = F4A9AF3B1C4D2418004BC7BF /* MaterialCell.m */; };
		F4A9AF3F1C4D2435004BC7BF /* TextBookCell.m in Sources */ = {isa = PBXBuildFile; fileRef = F4A9AF3E1C4D2435004BC7BF /* TextBookCell.m */; };
		F4A9AF481C4E2040004BC7BF /* MaterialViewController.m in Sources */ = {isa = PBXBuildFile; fileRef = F4A9AF471C4E2040004BC7BF /* MaterialViewController.m */; };
		F4A9AF4B1C4E30E1004BC7BF /* BookViewController.m in Sources */ = {isa = PBXBuildFile; fileRef = F4A9AF4A1C4E30E1004BC7BF /* BookViewController.m */; };
		F4A9AF4E1C4F7258004BC7BF /* PracticeViewController.m in Sources */ = {isa = PBXBuildFile; fileRef = F4A9AF4D1C4F7258004BC7BF /* PracticeViewController.m */; };
		F4A9AF511C4F7E04004BC7BF /* LyricViewCell.m in Sources */ = {isa = PBXBuildFile; fileRef = F4A9AF501C4F7E04004BC7BF /* LyricViewCell.m */; };
		F4AD05651C2C1021006554FF /* QuartzCore.framework in Frameworks */ = {isa = PBXBuildFile; fileRef = F4AD05641C2C1021006554FF /* QuartzCore.framework */; };
		F4AD05671C2C102C006554FF /* ImageIO.framework in Frameworks */ = {isa = PBXBuildFile; fileRef = F4AD05661C2C102C006554FF /* ImageIO.framework */; };
		F4AD05691C2C1034006554FF /* MessageUI.framework in Frameworks */ = {isa = PBXBuildFile; fileRef = F4AD05681C2C1034006554FF /* MessageUI.framework */; };
		F4AFCF921C8025C10003B7F2 /* AVFoundation.framework in Frameworks */ = {isa = PBXBuildFile; fileRef = F4AFCF911C8025C10003B7F2 /* AVFoundation.framework */; };
		F4AFCF9A1C803DE30003B7F2 /* AudioToolbox.framework in Frameworks */ = {isa = PBXBuildFile; fileRef = F4AFCF991C803DE30003B7F2 /* AudioToolbox.framework */; };
		F4AFCFAB1C842C9B0003B7F2 /* AcousticModelEnglish.bundle in Resources */ = {isa = PBXBuildFile; fileRef = F4AFCFA91C842C9B0003B7F2 /* AcousticModelEnglish.bundle */; };
		F4AFCFAC1C842C9B0003B7F2 /* OpenEars.framework in Frameworks */ = {isa = PBXBuildFile; fileRef = F4AFCFAA1C842C9B0003B7F2 /* OpenEars.framework */; };
		F4B271B01C33B429009313CA /* LyricViewController.m in Sources */ = {isa = PBXBuildFile; fileRef = F4B271AF1C33B429009313CA /* LyricViewController.m */; };
/* End PBXBuildFile section */

/* Begin PBXContainerItemProxy section */
		F42799401C18514300240736 /* PBXContainerItemProxy */ = {
			isa = PBXContainerItemProxy;
			containerPortal = F427991E1C18514200240736 /* Project object */;
			proxyType = 1;
			remoteGlobalIDString = F42799251C18514200240736;
			remoteInfo = GengNiuEnglish;
		};
		F427994B1C18514300240736 /* PBXContainerItemProxy */ = {
			isa = PBXContainerItemProxy;
			containerPortal = F427991E1C18514200240736 /* Project object */;
			proxyType = 1;
			remoteGlobalIDString = F42799251C18514200240736;
			remoteInfo = GengNiuEnglish;
		};
/* End PBXContainerItemProxy section */

/* Begin PBXFileReference section */
		031E0EC8D723D8F072A5F16D /* libPods.a */ = {isa = PBXFileReference; explicitFileType = archive.ar; includeInIndex = 0; path = libPods.a; sourceTree = BUILT_PRODUCTS_DIR; };
		54041F2906AF47C7E50BB8DF /* Pods.release.xcconfig */ = {isa = PBXFileReference; includeInIndex = 1; lastKnownFileType = text.xcconfig; name = Pods.release.xcconfig; path = "Pods/Target Support Files/Pods/Pods.release.xcconfig"; sourceTree = "<group>"; };
		5BA9EAF69182FF3E5087B909 /* Pods.debug.xcconfig */ = {isa = PBXFileReference; includeInIndex = 1; lastKnownFileType = text.xcconfig; name = Pods.debug.xcconfig; path = "Pods/Target Support Files/Pods/Pods.debug.xcconfig"; sourceTree = "<group>"; };
		F42799261C18514200240736 /* GengNiuEnglish.app */ = {isa = PBXFileReference; explicitFileType = wrapper.application; includeInIndex = 0; path = GengNiuEnglish.app; sourceTree = BUILT_PRODUCTS_DIR; };
		F427992A1C18514200240736 /* main.m */ = {isa = PBXFileReference; lastKnownFileType = sourcecode.c.objc; path = main.m; sourceTree = "<group>"; };
		F427992C1C18514200240736 /* AppDelegate.h */ = {isa = PBXFileReference; lastKnownFileType = sourcecode.c.h; path = AppDelegate.h; sourceTree = "<group>"; };
		F427992D1C18514200240736 /* AppDelegate.m */ = {isa = PBXFileReference; lastKnownFileType = sourcecode.c.objc; path = AppDelegate.m; sourceTree = "<group>"; };
		F42799331C18514200240736 /* Base */ = {isa = PBXFileReference; lastKnownFileType = file.storyboard; name = Base; path = Base.lproj/Main.storyboard; sourceTree = "<group>"; };
		F42799351C18514200240736 /* Assets.xcassets */ = {isa = PBXFileReference; lastKnownFileType = folder.assetcatalog; path = Assets.xcassets; sourceTree = "<group>"; };
		F42799381C18514200240736 /* Base */ = {isa = PBXFileReference; lastKnownFileType = file.storyboard; name = Base; path = Base.lproj/LaunchScreen.storyboard; sourceTree = "<group>"; };
		F427993A1C18514200240736 /* Info.plist */ = {isa = PBXFileReference; lastKnownFileType = text.plist.xml; path = Info.plist; sourceTree = "<group>"; };
		F427993F1C18514300240736 /* GengNiuEnglishTests.xctest */ = {isa = PBXFileReference; explicitFileType = wrapper.cfbundle; includeInIndex = 0; path = GengNiuEnglishTests.xctest; sourceTree = BUILT_PRODUCTS_DIR; };
		F42799431C18514300240736 /* GengNiuEnglishTests.m */ = {isa = PBXFileReference; lastKnownFileType = sourcecode.c.objc; path = GengNiuEnglishTests.m; sourceTree = "<group>"; };
		F42799451C18514300240736 /* Info.plist */ = {isa = PBXFileReference; lastKnownFileType = text.plist.xml; path = Info.plist; sourceTree = "<group>"; };
		F427994A1C18514300240736 /* GengNiuEnglishUITests.xctest */ = {isa = PBXFileReference; explicitFileType = wrapper.cfbundle; includeInIndex = 0; path = GengNiuEnglishUITests.xctest; sourceTree = BUILT_PRODUCTS_DIR; };
		F427994E1C18514300240736 /* GengNiuEnglishUITests.m */ = {isa = PBXFileReference; lastKnownFileType = sourcecode.c.objc; path = GengNiuEnglishUITests.m; sourceTree = "<group>"; };
		F42799501C18514300240736 /* Info.plist */ = {isa = PBXFileReference; lastKnownFileType = text.plist.xml; path = Info.plist; sourceTree = "<group>"; };
		F42FA5E51C8C00E70033C9C9 /* LoginViewController.h */ = {isa = PBXFileReference; fileEncoding = 4; lastKnownFileType = sourcecode.c.h; path = LoginViewController.h; sourceTree = "<group>"; };
		F42FA5E61C8C00E70033C9C9 /* LoginViewController.m */ = {isa = PBXFileReference; fileEncoding = 4; lastKnownFileType = sourcecode.c.objc; path = LoginViewController.m; sourceTree = "<group>"; };
		F42FA5E81C8C01570033C9C9 /* MobileRegistViewController.h */ = {isa = PBXFileReference; fileEncoding = 4; lastKnownFileType = sourcecode.c.h; path = MobileRegistViewController.h; sourceTree = "<group>"; };
		F42FA5E91C8C01570033C9C9 /* MobileRegistViewController.m */ = {isa = PBXFileReference; fileEncoding = 4; lastKnownFileType = sourcecode.c.objc; path = MobileRegistViewController.m; sourceTree = "<group>"; };
		F42FA5EB1C8C017B0033C9C9 /* EmailRegistViewController.h */ = {isa = PBXFileReference; fileEncoding = 4; lastKnownFileType = sourcecode.c.h; path = EmailRegistViewController.h; sourceTree = "<group>"; };
		F42FA5EC1C8C017B0033C9C9 /* EmailRegistViewController.m */ = {isa = PBXFileReference; fileEncoding = 4; lastKnownFileType = sourcecode.c.objc; path = EmailRegistViewController.m; sourceTree = "<group>"; };
		F42FA5EE1C8D29600033C9C9 /* MTDatabaseHelper.h */ = {isa = PBXFileReference; fileEncoding = 4; lastKnownFileType = sourcecode.c.h; path = MTDatabaseHelper.h; sourceTree = "<group>"; };
		F42FA5EF1C8D29600033C9C9 /* MTDatabaseHelper.m */ = {isa = PBXFileReference; fileEncoding = 4; lastKnownFileType = sourcecode.c.objc; path = MTDatabaseHelper.m; sourceTree = "<group>"; };
		F42FA5F11C8D32C50033C9C9 /* UserAccount.h */ = {isa = PBXFileReference; fileEncoding = 4; lastKnownFileType = sourcecode.c.h; path = UserAccount.h; sourceTree = "<group>"; };
		F42FA5F21C8D32C50033C9C9 /* UserAccount.m */ = {isa = PBXFileReference; fileEncoding = 4; lastKnownFileType = sourcecode.c.objc; path = UserAccount.m; sourceTree = "<group>"; };
		F42FA5FA1C8EB1560033C9C9 /* AccountManager.h */ = {isa = PBXFileReference; fileEncoding = 4; lastKnownFileType = sourcecode.c.h; path = AccountManager.h; sourceTree = "<group>"; };
		F42FA5FB1C8EB1560033C9C9 /* AccountManager.m */ = {isa = PBXFileReference; fileEncoding = 4; lastKnownFileType = sourcecode.c.objc; path = AccountManager.m; sourceTree = "<group>"; };
		F486C77A1C3A492000CBFBD1 /* LyricItem.h */ = {isa = PBXFileReference; fileEncoding = 4; lastKnownFileType = sourcecode.c.h; path = LyricItem.h; sourceTree = "<group>"; };
		F486C77B1C3A492000CBFBD1 /* LyricItem.m */ = {isa = PBXFileReference; fileEncoding = 4; lastKnownFileType = sourcecode.c.objc; path = LyricItem.m; sourceTree = "<group>"; };
		F486C77E1C3B8B7C00CBFBD1 /* SampleQueueId.h */ = {isa = PBXFileReference; fileEncoding = 4; lastKnownFileType = sourcecode.c.h; path = SampleQueueId.h; sourceTree = "<group>"; };
		F486C77F1C3B8B7C00CBFBD1 /* SampleQueueId.m */ = {isa = PBXFileReference; fileEncoding = 4; lastKnownFileType = sourcecode.c.objc; path = SampleQueueId.m; sourceTree = "<group>"; };
		F49467021C27CE0900806DEF /* DataForCell.h */ = {isa = PBXFileReference; fileEncoding = 4; lastKnownFileType = sourcecode.c.h; path = DataForCell.h; sourceTree = "<group>"; };
		F49467031C27CE0900806DEF /* DataForCell.m */ = {isa = PBXFileReference; fileEncoding = 4; lastKnownFileType = sourcecode.c.objc; path = DataForCell.m; sourceTree = "<group>"; };
		F49467081C28ECE900806DEF /* NetworkingManager.h */ = {isa = PBXFileReference; fileEncoding = 4; lastKnownFileType = sourcecode.c.h; path = NetworkingManager.h; sourceTree = "<group>"; };
		F49467091C28ECE900806DEF /* NetworkingManager.m */ = {isa = PBXFileReference; fileEncoding = 4; lastKnownFileType = sourcecode.c.objc; path = NetworkingManager.m; sourceTree = "<group>"; };
		F4A9AF371C4D0D26004BC7BF /* CommonMethod.h */ = {isa = PBXFileReference; fileEncoding = 4; lastKnownFileType = sourcecode.c.h; path = CommonMethod.h; sourceTree = "<group>"; };
		F4A9AF381C4D0D26004BC7BF /* CommonMethod.m */ = {isa = PBXFileReference; fileEncoding = 4; lastKnownFileType = sourcecode.c.objc; path = CommonMethod.m; sourceTree = "<group>"; };
		F4A9AF3A1C4D2418004BC7BF /* MaterialCell.h */ = {isa = PBXFileReference; fileEncoding = 4; lastKnownFileType = sourcecode.c.h; path = MaterialCell.h; sourceTree = "<group>"; };
		F4A9AF3B1C4D2418004BC7BF /* MaterialCell.m */ = {isa = PBXFileReference; fileEncoding = 4; lastKnownFileType = sourcecode.c.objc; path = MaterialCell.m; sourceTree = "<group>"; };
		F4A9AF3D1C4D2435004BC7BF /* TextBookCell.h */ = {isa = PBXFileReference; fileEncoding = 4; lastKnownFileType = sourcecode.c.h; path = TextBookCell.h; sourceTree = "<group>"; };
		F4A9AF3E1C4D2435004BC7BF /* TextBookCell.m */ = {isa = PBXFileReference; fileEncoding = 4; lastKnownFileType = sourcecode.c.objc; path = TextBookCell.m; sourceTree = "<group>"; };
		F4A9AF461C4E2040004BC7BF /* MaterialViewController.h */ = {isa = PBXFileReference; fileEncoding = 4; lastKnownFileType = sourcecode.c.h; path = MaterialViewController.h; sourceTree = "<group>"; };
		F4A9AF471C4E2040004BC7BF /* MaterialViewController.m */ = {isa = PBXFileReference; fileEncoding = 4; lastKnownFileType = sourcecode.c.objc; path = MaterialViewController.m; sourceTree = "<group>"; };
		F4A9AF491C4E30E1004BC7BF /* BookViewController.h */ = {isa = PBXFileReference; fileEncoding = 4; lastKnownFileType = sourcecode.c.h; path = BookViewController.h; sourceTree = "<group>"; };
		F4A9AF4A1C4E30E1004BC7BF /* BookViewController.m */ = {isa = PBXFileReference; fileEncoding = 4; lastKnownFileType = sourcecode.c.objc; path = BookViewController.m; sourceTree = "<group>"; };
		F4A9AF4C1C4F7258004BC7BF /* PracticeViewController.h */ = {isa = PBXFileReference; fileEncoding = 4; lastKnownFileType = sourcecode.c.h; path = PracticeViewController.h; sourceTree = "<group>"; };
		F4A9AF4D1C4F7258004BC7BF /* PracticeViewController.m */ = {isa = PBXFileReference; fileEncoding = 4; lastKnownFileType = sourcecode.c.objc; path = PracticeViewController.m; sourceTree = "<group>"; };
		F4A9AF4F1C4F7E04004BC7BF /* LyricViewCell.h */ = {isa = PBXFileReference; fileEncoding = 4; lastKnownFileType = sourcecode.c.h; path = LyricViewCell.h; sourceTree = "<group>"; };
		F4A9AF501C4F7E04004BC7BF /* LyricViewCell.m */ = {isa = PBXFileReference; fileEncoding = 4; lastKnownFileType = sourcecode.c.objc; path = LyricViewCell.m; sourceTree = "<group>"; };
		F4AD05641C2C1021006554FF /* QuartzCore.framework */ = {isa = PBXFileReference; lastKnownFileType = wrapper.framework; name = QuartzCore.framework; path = System/Library/Frameworks/QuartzCore.framework; sourceTree = SDKROOT; };
		F4AD05661C2C102C006554FF /* ImageIO.framework */ = {isa = PBXFileReference; lastKnownFileType = wrapper.framework; name = ImageIO.framework; path = System/Library/Frameworks/ImageIO.framework; sourceTree = SDKROOT; };
		F4AD05681C2C1034006554FF /* MessageUI.framework */ = {isa = PBXFileReference; lastKnownFileType = wrapper.framework; name = MessageUI.framework; path = System/Library/Frameworks/MessageUI.framework; sourceTree = SDKROOT; };
		F4AFCF911C8025C10003B7F2 /* AVFoundation.framework */ = {isa = PBXFileReference; lastKnownFileType = wrapper.framework; name = AVFoundation.framework; path = System/Library/Frameworks/AVFoundation.framework; sourceTree = SDKROOT; };
		F4AFCF991C803DE30003B7F2 /* AudioToolbox.framework */ = {isa = PBXFileReference; lastKnownFileType = wrapper.framework; name = AudioToolbox.framework; path = System/Library/Frameworks/AudioToolbox.framework; sourceTree = SDKROOT; };
		F4AFCFA91C842C9B0003B7F2 /* AcousticModelEnglish.bundle */ = {isa = PBXFileReference; lastKnownFileType = "wrapper.plug-in"; path = AcousticModelEnglish.bundle; sourceTree = "<group>"; };
		F4AFCFAA1C842C9B0003B7F2 /* OpenEars.framework */ = {isa = PBXFileReference; lastKnownFileType = wrapper.framework; path = OpenEars.framework; sourceTree = "<group>"; };
		F4B271AE1C33B429009313CA /* LyricViewController.h */ = {isa = PBXFileReference; fileEncoding = 4; lastKnownFileType = sourcecode.c.h; path = LyricViewController.h; sourceTree = "<group>"; };
		F4B271AF1C33B429009313CA /* LyricViewController.m */ = {isa = PBXFileReference; fileEncoding = 4; lastKnownFileType = sourcecode.c.objc; path = LyricViewController.m; sourceTree = "<group>"; };
/* End PBXFileReference section */

/* Begin PBXFrameworksBuildPhase section */
		F42799231C18514200240736 /* Frameworks */ = {
			isa = PBXFrameworksBuildPhase;
			buildActionMask = 2147483647;
			files = (
				F4AFCFAC1C842C9B0003B7F2 /* OpenEars.framework in Frameworks */,
				F4AFCF9A1C803DE30003B7F2 /* AudioToolbox.framework in Frameworks */,
				F4AFCF921C8025C10003B7F2 /* AVFoundation.framework in Frameworks */,
				F4AD05691C2C1034006554FF /* MessageUI.framework in Frameworks */,
				F4AD05671C2C102C006554FF /* ImageIO.framework in Frameworks */,
				F4AD05651C2C1021006554FF /* QuartzCore.framework in Frameworks */,
				4685CC87E9EF4168376FEC31 /* libPods.a in Frameworks */,
			);
			runOnlyForDeploymentPostprocessing = 0;
		};
		F427993C1C18514300240736 /* Frameworks */ = {
			isa = PBXFrameworksBuildPhase;
			buildActionMask = 2147483647;
			files = (
			);
			runOnlyForDeploymentPostprocessing = 0;
		};
		F42799471C18514300240736 /* Frameworks */ = {
			isa = PBXFrameworksBuildPhase;
			buildActionMask = 2147483647;
			files = (
			);
			runOnlyForDeploymentPostprocessing = 0;
		};
/* End PBXFrameworksBuildPhase section */

/* Begin PBXGroup section */
		570EFD4DFE1984271927E677 /* Pods */ = {
			isa = PBXGroup;
			children = (
				5BA9EAF69182FF3E5087B909 /* Pods.debug.xcconfig */,
				54041F2906AF47C7E50BB8DF /* Pods.release.xcconfig */,
			);
			name = Pods;
			sourceTree = "<group>";
		};
		5F4697E4BCC7D6FEE1E67A97 /* Frameworks */ = {
			isa = PBXGroup;
			children = (
				F4AFCFA91C842C9B0003B7F2 /* AcousticModelEnglish.bundle */,
				F4AFCFAA1C842C9B0003B7F2 /* OpenEars.framework */,
				F4AFCF991C803DE30003B7F2 /* AudioToolbox.framework */,
				F4AFCF911C8025C10003B7F2 /* AVFoundation.framework */,
				F4AD05681C2C1034006554FF /* MessageUI.framework */,
				F4AD05661C2C102C006554FF /* ImageIO.framework */,
				F4AD05641C2C1021006554FF /* QuartzCore.framework */,
				031E0EC8D723D8F072A5F16D /* libPods.a */,
			);
			name = Frameworks;
			sourceTree = "<group>";
		};
		F427991D1C18514200240736 = {
			isa = PBXGroup;
			children = (
				F42799281C18514200240736 /* GengNiuEnglish */,
				F42799421C18514300240736 /* GengNiuEnglishTests */,
				F427994D1C18514300240736 /* GengNiuEnglishUITests */,
				F42799271C18514200240736 /* Products */,
				570EFD4DFE1984271927E677 /* Pods */,
				5F4697E4BCC7D6FEE1E67A97 /* Frameworks */,
			);
			sourceTree = "<group>";
		};
		F42799271C18514200240736 /* Products */ = {
			isa = PBXGroup;
			children = (
				F42799261C18514200240736 /* GengNiuEnglish.app */,
				F427993F1C18514300240736 /* GengNiuEnglishTests.xctest */,
				F427994A1C18514300240736 /* GengNiuEnglishUITests.xctest */,
			);
			name = Products;
			sourceTree = "<group>";
		};
		F42799281C18514200240736 /* GengNiuEnglish */ = {
			isa = PBXGroup;
			children = (
				F4AFCFAF1C84394D0003B7F2 /* Category */,
				F49466FE1C27C95700806DEF /* Model */,
				F49466FD1C27C94D00806DEF /* View */,
				F49466FC1C27C93E00806DEF /* Controller */,
				F427992C1C18514200240736 /* AppDelegate.h */,
				F427992D1C18514200240736 /* AppDelegate.m */,
				F49467081C28ECE900806DEF /* NetworkingManager.h */,
				F49467091C28ECE900806DEF /* NetworkingManager.m */,
				F42799321C18514200240736 /* Main.storyboard */,
				F42799351C18514200240736 /* Assets.xcassets */,
				F42799371C18514200240736 /* LaunchScreen.storyboard */,
				F427993A1C18514200240736 /* Info.plist */,
				F42799291C18514200240736 /* Supporting Files */,
			);
			path = GengNiuEnglish;
			sourceTree = "<group>";
		};
		F42799291C18514200240736 /* Supporting Files */ = {
			isa = PBXGroup;
			children = (
				F427992A1C18514200240736 /* main.m */,
			);
			name = "Supporting Files";
			sourceTree = "<group>";
		};
		F42799421C18514300240736 /* GengNiuEnglishTests */ = {
			isa = PBXGroup;
			children = (
				F42799431C18514300240736 /* GengNiuEnglishTests.m */,
				F42799451C18514300240736 /* Info.plist */,
			);
			path = GengNiuEnglishTests;
			sourceTree = "<group>";
		};
		F427994D1C18514300240736 /* GengNiuEnglishUITests */ = {
			isa = PBXGroup;
			children = (
				F427994E1C18514300240736 /* GengNiuEnglishUITests.m */,
				F42799501C18514300240736 /* Info.plist */,
			);
			path = GengNiuEnglishUITests;
			sourceTree = "<group>";
		};
		F49466FC1C27C93E00806DEF /* Controller */ = {
			isa = PBXGroup;
			children = (
				F4A9AF461C4E2040004BC7BF /* MaterialViewController.h */,
				F4A9AF471C4E2040004BC7BF /* MaterialViewController.m */,
				F4A9AF491C4E30E1004BC7BF /* BookViewController.h */,
				F4A9AF4A1C4E30E1004BC7BF /* BookViewController.m */,
				F4A9AF4C1C4F7258004BC7BF /* PracticeViewController.h */,
				F4A9AF4D1C4F7258004BC7BF /* PracticeViewController.m */,
				F4B271AE1C33B429009313CA /* LyricViewController.h */,
				F4B271AF1C33B429009313CA /* LyricViewController.m */,
				F42FA5E51C8C00E70033C9C9 /* LoginViewController.h */,
				F42FA5E61C8C00E70033C9C9 /* LoginViewController.m */,
				F42FA5E81C8C01570033C9C9 /* MobileRegistViewController.h */,
				F42FA5E91C8C01570033C9C9 /* MobileRegistViewController.m */,
				F42FA5EB1C8C017B0033C9C9 /* EmailRegistViewController.h */,
				F42FA5EC1C8C017B0033C9C9 /* EmailRegistViewController.m */,
			);
			name = Controller;
			sourceTree = "<group>";
		};
		F49466FD1C27C94D00806DEF /* View */ = {
			isa = PBXGroup;
			children = (
				F4A9AF3A1C4D2418004BC7BF /* MaterialCell.h */,
				F4A9AF3B1C4D2418004BC7BF /* MaterialCell.m */,
				F4A9AF3D1C4D2435004BC7BF /* TextBookCell.h */,
				F4A9AF3E1C4D2435004BC7BF /* TextBookCell.m */,
				F4A9AF4F1C4F7E04004BC7BF /* LyricViewCell.h */,
				F4A9AF501C4F7E04004BC7BF /* LyricViewCell.m */,
			);
			name = View;
			sourceTree = "<group>";
		};
		F49466FE1C27C95700806DEF /* Model */ = {
			isa = PBXGroup;
			children = (
				F42FA5EE1C8D29600033C9C9 /* MTDatabaseHelper.h */,
				F42FA5EF1C8D29600033C9C9 /* MTDatabaseHelper.m */,
				F4A9AF371C4D0D26004BC7BF /* CommonMethod.h */,
				F4A9AF381C4D0D26004BC7BF /* CommonMethod.m */,
				F49467021C27CE0900806DEF /* DataForCell.h */,
				F49467031C27CE0900806DEF /* DataForCell.m */,
				F486C77A1C3A492000CBFBD1 /* LyricItem.h */,
				F486C77B1C3A492000CBFBD1 /* LyricItem.m */,
				F486C77E1C3B8B7C00CBFBD1 /* SampleQueueId.h */,
				F486C77F1C3B8B7C00CBFBD1 /* SampleQueueId.m */,
				F42FA5F11C8D32C50033C9C9 /* UserAccount.h */,
				F42FA5F21C8D32C50033C9C9 /* UserAccount.m */,
				F42FA5FA1C8EB1560033C9C9 /* AccountManager.h */,
				F42FA5FB1C8EB1560033C9C9 /* AccountManager.m */,
			);
			name = Model;
			sourceTree = "<group>";
		};
		F4AFCFAF1C84394D0003B7F2 /* Category */ = {
			isa = PBXGroup;
			children = (
			);
			name = Category;
			sourceTree = "<group>";
		};
/* End PBXGroup section */

/* Begin PBXNativeTarget section */
		F42799251C18514200240736 /* GengNiuEnglish */ = {
			isa = PBXNativeTarget;
			buildConfigurationList = F42799531C18514300240736 /* Build configuration list for PBXNativeTarget "GengNiuEnglish" */;
			buildPhases = (
				015D4F56E7D4E2CEB4DDE293 /* Check Pods Manifest.lock */,
				F42799221C18514200240736 /* Sources */,
				F42799231C18514200240736 /* Frameworks */,
				F42799241C18514200240736 /* Resources */,
				7B2A62FC88DE2F08E7711F44 /* Embed Pods Frameworks */,
				D075F8450170A04E9B37F759 /* Copy Pods Resources */,
			);
			buildRules = (
			);
			dependencies = (
			);
			name = GengNiuEnglish;
			productName = GengNiuEnglish;
			productReference = F42799261C18514200240736 /* GengNiuEnglish.app */;
			productType = "com.apple.product-type.application";
		};
		F427993E1C18514300240736 /* GengNiuEnglishTests */ = {
			isa = PBXNativeTarget;
			buildConfigurationList = F42799561C18514300240736 /* Build configuration list for PBXNativeTarget "GengNiuEnglishTests" */;
			buildPhases = (
				F427993B1C18514300240736 /* Sources */,
				F427993C1C18514300240736 /* Frameworks */,
				F427993D1C18514300240736 /* Resources */,
			);
			buildRules = (
			);
			dependencies = (
				F42799411C18514300240736 /* PBXTargetDependency */,
			);
			name = GengNiuEnglishTests;
			productName = GengNiuEnglishTests;
			productReference = F427993F1C18514300240736 /* GengNiuEnglishTests.xctest */;
			productType = "com.apple.product-type.bundle.unit-test";
		};
		F42799491C18514300240736 /* GengNiuEnglishUITests */ = {
			isa = PBXNativeTarget;
			buildConfigurationList = F42799591C18514300240736 /* Build configuration list for PBXNativeTarget "GengNiuEnglishUITests" */;
			buildPhases = (
				F42799461C18514300240736 /* Sources */,
				F42799471C18514300240736 /* Frameworks */,
				F42799481C18514300240736 /* Resources */,
			);
			buildRules = (
			);
			dependencies = (
				F427994C1C18514300240736 /* PBXTargetDependency */,
			);
			name = GengNiuEnglishUITests;
			productName = GengNiuEnglishUITests;
			productReference = F427994A1C18514300240736 /* GengNiuEnglishUITests.xctest */;
			productType = "com.apple.product-type.bundle.ui-testing";
		};
/* End PBXNativeTarget section */

/* Begin PBXProject section */
		F427991E1C18514200240736 /* Project object */ = {
			isa = PBXProject;
			attributes = {
				LastUpgradeCheck = 0710;
				ORGANIZATIONNAME = luzegeng;
				TargetAttributes = {
					F42799251C18514200240736 = {
						CreatedOnToolsVersion = 7.1.1;
						DevelopmentTeam = 5Y787D7K6C;
					};
					F427993E1C18514300240736 = {
						CreatedOnToolsVersion = 7.1.1;
						TestTargetID = F42799251C18514200240736;
					};
					F42799491C18514300240736 = {
						CreatedOnToolsVersion = 7.1.1;
						TestTargetID = F42799251C18514200240736;
					};
				};
			};
			buildConfigurationList = F42799211C18514200240736 /* Build configuration list for PBXProject "GengNiuEnglish" */;
			compatibilityVersion = "Xcode 3.2";
			developmentRegion = English;
			hasScannedForEncodings = 0;
			knownRegions = (
				en,
				Base,
			);
			mainGroup = F427991D1C18514200240736;
			productRefGroup = F42799271C18514200240736 /* Products */;
			projectDirPath = "";
			projectRoot = "";
			targets = (
				F42799251C18514200240736 /* GengNiuEnglish */,
				F427993E1C18514300240736 /* GengNiuEnglishTests */,
				F42799491C18514300240736 /* GengNiuEnglishUITests */,
			);
		};
/* End PBXProject section */

/* Begin PBXResourcesBuildPhase section */
		F42799241C18514200240736 /* Resources */ = {
			isa = PBXResourcesBuildPhase;
			buildActionMask = 2147483647;
			files = (
				F42799391C18514200240736 /* LaunchScreen.storyboard in Resources */,
				F42799361C18514200240736 /* Assets.xcassets in Resources */,
				F42799341C18514200240736 /* Main.storyboard in Resources */,
				F4AFCFAB1C842C9B0003B7F2 /* AcousticModelEnglish.bundle in Resources */,
			);
			runOnlyForDeploymentPostprocessing = 0;
		};
		F427993D1C18514300240736 /* Resources */ = {
			isa = PBXResourcesBuildPhase;
			buildActionMask = 2147483647;
			files = (
			);
			runOnlyForDeploymentPostprocessing = 0;
		};
		F42799481C18514300240736 /* Resources */ = {
			isa = PBXResourcesBuildPhase;
			buildActionMask = 2147483647;
			files = (
			);
			runOnlyForDeploymentPostprocessing = 0;
		};
/* End PBXResourcesBuildPhase section */

/* Begin PBXShellScriptBuildPhase section */
		015D4F56E7D4E2CEB4DDE293 /* Check Pods Manifest.lock */ = {
			isa = PBXShellScriptBuildPhase;
			buildActionMask = 2147483647;
			files = (
			);
			inputPaths = (
			);
			name = "Check Pods Manifest.lock";
			outputPaths = (
			);
			runOnlyForDeploymentPostprocessing = 0;
			shellPath = /bin/sh;
			shellScript = "diff \"${PODS_ROOT}/../Podfile.lock\" \"${PODS_ROOT}/Manifest.lock\" > /dev/null\nif [[ $? != 0 ]] ; then\n    cat << EOM\nerror: The sandbox is not in sync with the Podfile.lock. Run 'pod install' or update your CocoaPods installation.\nEOM\n    exit 1\nfi\n";
			showEnvVarsInLog = 0;
		};
		7B2A62FC88DE2F08E7711F44 /* Embed Pods Frameworks */ = {
			isa = PBXShellScriptBuildPhase;
			buildActionMask = 2147483647;
			files = (
			);
			inputPaths = (
			);
			name = "Embed Pods Frameworks";
			outputPaths = (
			);
			runOnlyForDeploymentPostprocessing = 0;
			shellPath = /bin/sh;
			shellScript = "\"${SRCROOT}/Pods/Target Support Files/Pods/Pods-frameworks.sh\"\n";
			showEnvVarsInLog = 0;
		};
		D075F8450170A04E9B37F759 /* Copy Pods Resources */ = {
			isa = PBXShellScriptBuildPhase;
			buildActionMask = 2147483647;
			files = (
			);
			inputPaths = (
			);
			name = "Copy Pods Resources";
			outputPaths = (
			);
			runOnlyForDeploymentPostprocessing = 0;
			shellPath = /bin/sh;
			shellScript = "\"${SRCROOT}/Pods/Target Support Files/Pods/Pods-resources.sh\"\n";
			showEnvVarsInLog = 0;
		};
/* End PBXShellScriptBuildPhase section */

/* Begin PBXSourcesBuildPhase section */
		F42799221C18514200240736 /* Sources */ = {
			isa = PBXSourcesBuildPhase;
			buildActionMask = 2147483647;
			files = (
				F4A9AF4B1C4E30E1004BC7BF /* BookViewController.m in Sources */,
				F486C77C1C3A492000CBFBD1 /* LyricItem.m in Sources */,
				F4A9AF391C4D0D26004BC7BF /* CommonMethod.m in Sources */,
				F427992E1C18514200240736 /* AppDelegate.m in Sources */,
				F42FA5F31C8D32C50033C9C9 /* UserAccount.m in Sources */,
				F4A9AF4E1C4F7258004BC7BF /* PracticeViewController.m in Sources */,
				F427992B1C18514200240736 /* main.m in Sources */,
				F486C7801C3B8B7C00CBFBD1 /* SampleQueueId.m in Sources */,
				F4A9AF3F1C4D2435004BC7BF /* TextBookCell.m in Sources */,
				F494670A1C28ECE900806DEF /* NetworkingManager.m in Sources */,
				F4A9AF3C1C4D2418004BC7BF /* MaterialCell.m in Sources */,
				F42FA5FC1C8EB1560033C9C9 /* AccountManager.m in Sources */,
				F49467041C27CE0900806DEF /* DataForCell.m in Sources */,
				F4B271B01C33B429009313CA /* LyricViewController.m in Sources */,
				F42FA5EA1C8C01570033C9C9 /* MobileRegistViewController.m in Sources */,
				F42FA5F01C8D29600033C9C9 /* MTDatabaseHelper.m in Sources */,
				F4A9AF481C4E2040004BC7BF /* MaterialViewController.m in Sources */,
				F42FA5ED1C8C017B0033C9C9 /* EmailRegistViewController.m in Sources */,
				F4A9AF511C4F7E04004BC7BF /* LyricViewCell.m in Sources */,
				F42FA5E71C8C00E70033C9C9 /* LoginViewController.m in Sources */,
			);
			runOnlyForDeploymentPostprocessing = 0;
		};
		F427993B1C18514300240736 /* Sources */ = {
			isa = PBXSourcesBuildPhase;
			buildActionMask = 2147483647;
			files = (
				F42799441C18514300240736 /* GengNiuEnglishTests.m in Sources */,
			);
			runOnlyForDeploymentPostprocessing = 0;
		};
		F42799461C18514300240736 /* Sources */ = {
			isa = PBXSourcesBuildPhase;
			buildActionMask = 2147483647;
			files = (
				F427994F1C18514300240736 /* GengNiuEnglishUITests.m in Sources */,
			);
			runOnlyForDeploymentPostprocessing = 0;
		};
/* End PBXSourcesBuildPhase section */

/* Begin PBXTargetDependency section */
		F42799411C18514300240736 /* PBXTargetDependency */ = {
			isa = PBXTargetDependency;
			target = F42799251C18514200240736 /* GengNiuEnglish */;
			targetProxy = F42799401C18514300240736 /* PBXContainerItemProxy */;
		};
		F427994C1C18514300240736 /* PBXTargetDependency */ = {
			isa = PBXTargetDependency;
			target = F42799251C18514200240736 /* GengNiuEnglish */;
			targetProxy = F427994B1C18514300240736 /* PBXContainerItemProxy */;
		};
/* End PBXTargetDependency section */

/* Begin PBXVariantGroup section */
		F42799321C18514200240736 /* Main.storyboard */ = {
			isa = PBXVariantGroup;
			children = (
				F42799331C18514200240736 /* Base */,
			);
			name = Main.storyboard;
			sourceTree = "<group>";
		};
		F42799371C18514200240736 /* LaunchScreen.storyboard */ = {
			isa = PBXVariantGroup;
			children = (
				F42799381C18514200240736 /* Base */,
			);
			name = LaunchScreen.storyboard;
			sourceTree = "<group>";
		};
/* End PBXVariantGroup section */

/* Begin XCBuildConfiguration section */
		F42799511C18514300240736 /* Debug */ = {
			isa = XCBuildConfiguration;
			buildSettings = {
				ALWAYS_SEARCH_USER_PATHS = NO;
				CLANG_CXX_LANGUAGE_STANDARD = "gnu++0x";
				CLANG_CXX_LIBRARY = "libc++";
				CLANG_ENABLE_MODULES = YES;
				CLANG_ENABLE_OBJC_ARC = YES;
				CLANG_WARN_BOOL_CONVERSION = YES;
				CLANG_WARN_CONSTANT_CONVERSION = YES;
				CLANG_WARN_DIRECT_OBJC_ISA_USAGE = YES_ERROR;
				CLANG_WARN_EMPTY_BODY = YES;
				CLANG_WARN_ENUM_CONVERSION = YES;
				CLANG_WARN_INT_CONVERSION = YES;
				CLANG_WARN_OBJC_ROOT_CLASS = YES_ERROR;
				CLANG_WARN_UNREACHABLE_CODE = YES;
				CLANG_WARN__DUPLICATE_METHOD_MATCH = YES;
				"CODE_SIGN_IDENTITY[sdk=iphoneos*]" = "iPhone Developer";
				COPY_PHASE_STRIP = NO;
				DEBUG_INFORMATION_FORMAT = dwarf;
				ENABLE_STRICT_OBJC_MSGSEND = YES;
				ENABLE_TESTABILITY = YES;
				GCC_C_LANGUAGE_STANDARD = gnu99;
				GCC_DYNAMIC_NO_PIC = NO;
				GCC_NO_COMMON_BLOCKS = YES;
				GCC_OPTIMIZATION_LEVEL = 0;
				GCC_PREPROCESSOR_DEFINITIONS = (
					"DEBUG=1",
					"$(inherited)",
				);
				GCC_WARN_64_TO_32_BIT_CONVERSION = YES;
				GCC_WARN_ABOUT_RETURN_TYPE = YES_ERROR;
				GCC_WARN_UNDECLARED_SELECTOR = YES;
				GCC_WARN_UNINITIALIZED_AUTOS = YES_AGGRESSIVE;
				GCC_WARN_UNUSED_FUNCTION = YES;
				GCC_WARN_UNUSED_VARIABLE = YES;
				IPHONEOS_DEPLOYMENT_TARGET = 9.1;
				MTL_ENABLE_DEBUG_INFO = YES;
				ONLY_ACTIVE_ARCH = YES;
				SDKROOT = iphoneos;
				TARGETED_DEVICE_FAMILY = "1,2";
			};
			name = Debug;
		};
		F42799521C18514300240736 /* Release */ = {
			isa = XCBuildConfiguration;
			buildSettings = {
				ALWAYS_SEARCH_USER_PATHS = NO;
				CLANG_CXX_LANGUAGE_STANDARD = "gnu++0x";
				CLANG_CXX_LIBRARY = "libc++";
				CLANG_ENABLE_MODULES = YES;
				CLANG_ENABLE_OBJC_ARC = YES;
				CLANG_WARN_BOOL_CONVERSION = YES;
				CLANG_WARN_CONSTANT_CONVERSION = YES;
				CLANG_WARN_DIRECT_OBJC_ISA_USAGE = YES_ERROR;
				CLANG_WARN_EMPTY_BODY = YES;
				CLANG_WARN_ENUM_CONVERSION = YES;
				CLANG_WARN_INT_CONVERSION = YES;
				CLANG_WARN_OBJC_ROOT_CLASS = YES_ERROR;
				CLANG_WARN_UNREACHABLE_CODE = YES;
				CLANG_WARN__DUPLICATE_METHOD_MATCH = YES;
				"CODE_SIGN_IDENTITY[sdk=iphoneos*]" = "iPhone Developer";
				COPY_PHASE_STRIP = NO;
				DEBUG_INFORMATION_FORMAT = "dwarf-with-dsym";
				ENABLE_NS_ASSERTIONS = NO;
				ENABLE_STRICT_OBJC_MSGSEND = YES;
				GCC_C_LANGUAGE_STANDARD = gnu99;
				GCC_NO_COMMON_BLOCKS = YES;
				GCC_WARN_64_TO_32_BIT_CONVERSION = YES;
				GCC_WARN_ABOUT_RETURN_TYPE = YES_ERROR;
				GCC_WARN_UNDECLARED_SELECTOR = YES;
				GCC_WARN_UNINITIALIZED_AUTOS = YES_AGGRESSIVE;
				GCC_WARN_UNUSED_FUNCTION = YES;
				GCC_WARN_UNUSED_VARIABLE = YES;
				IPHONEOS_DEPLOYMENT_TARGET = 9.1;
				MTL_ENABLE_DEBUG_INFO = NO;
				SDKROOT = iphoneos;
				TARGETED_DEVICE_FAMILY = "1,2";
				VALIDATE_PRODUCT = YES;
			};
			name = Release;
		};
		F42799541C18514300240736 /* Debug */ = {
			isa = XCBuildConfiguration;
			baseConfigurationReference = 5BA9EAF69182FF3E5087B909 /* Pods.debug.xcconfig */;
			buildSettings = {
				ASSETCATALOG_COMPILER_APPICON_NAME = AppIcon;
				CODE_SIGN_IDENTITY = "iPhone Developer";
				DEFINES_MODULE = YES;
				ENABLE_BITCODE = NO;
				FRAMEWORK_SEARCH_PATHS = (
					"\"${PODS_ROOT}\"/**",
					"$(PROJECT_DIR)",
				);
				INFOPLIST_FILE = GengNiuEnglish/Info.plist;
				IPHONEOS_DEPLOYMENT_TARGET = 8.1;
				LD_RUNPATH_SEARCH_PATHS = "$(inherited) @executable_path/Frameworks";
				MODULEMAP_FILE = "${PROJECT_DIR}/module.modulemap";
				PRODUCT_BUNDLE_IDENTIFIER = com.leolu.GengNiuEnglish;
				PRODUCT_NAME = "$(TARGET_NAME)";
				TARGETED_DEVICE_FAMILY = "1,2";
			};
			name = Debug;
		};
		F42799551C18514300240736 /* Release */ = {
			isa = XCBuildConfiguration;
			baseConfigurationReference = 54041F2906AF47C7E50BB8DF /* Pods.release.xcconfig */;
			buildSettings = {
				ASSETCATALOG_COMPILER_APPICON_NAME = AppIcon;
				CODE_SIGN_IDENTITY = "iPhone Developer";
				DEFINES_MODULE = YES;
				ENABLE_BITCODE = NO;
				FRAMEWORK_SEARCH_PATHS = (
					"\"${PODS_ROOT}\"/**",
					"$(PROJECT_DIR)",
				);
				INFOPLIST_FILE = GengNiuEnglish/Info.plist;
				IPHONEOS_DEPLOYMENT_TARGET = 8.1;
				LD_RUNPATH_SEARCH_PATHS = "$(inherited) @executable_path/Frameworks";
				MODULEMAP_FILE = "${PROJECT_DIR}/module.modulemap";
				PRODUCT_BUNDLE_IDENTIFIER = com.leolu.GengNiuEnglish;
				PRODUCT_NAME = "$(TARGET_NAME)";
				TARGETED_DEVICE_FAMILY = "1,2";
			};
			name = Release;
		};
		F42799571C18514300240736 /* Debug */ = {
			isa = XCBuildConfiguration;
			buildSettings = {
				BUNDLE_LOADER = "$(TEST_HOST)";
				INFOPLIST_FILE = GengNiuEnglishTests/Info.plist;
				LD_RUNPATH_SEARCH_PATHS = "$(inherited) @executable_path/Frameworks @loader_path/Frameworks";
				PRODUCT_BUNDLE_IDENTIFIER = leolu.GengNiuEnglishTests;
				PRODUCT_NAME = "$(TARGET_NAME)";
				TEST_HOST = "$(BUILT_PRODUCTS_DIR)/GengNiuEnglish.app/GengNiuEnglish";
			};
			name = Debug;
		};
		F42799581C18514300240736 /* Release */ = {
			isa = XCBuildConfiguration;
			buildSettings = {
				BUNDLE_LOADER = "$(TEST_HOST)";
				INFOPLIST_FILE = GengNiuEnglishTests/Info.plist;
				LD_RUNPATH_SEARCH_PATHS = "$(inherited) @executable_path/Frameworks @loader_path/Frameworks";
				PRODUCT_BUNDLE_IDENTIFIER = leolu.GengNiuEnglishTests;
				PRODUCT_NAME = "$(TARGET_NAME)";
				TEST_HOST = "$(BUILT_PRODUCTS_DIR)/GengNiuEnglish.app/GengNiuEnglish";
			};
			name = Release;
		};
		F427995A1C18514300240736 /* Debug */ = {
			isa = XCBuildConfiguration;
			buildSettings = {
				INFOPLIST_FILE = GengNiuEnglishUITests/Info.plist;
				LD_RUNPATH_SEARCH_PATHS = "$(inherited) @executable_path/Frameworks @loader_path/Frameworks";
				PRODUCT_BUNDLE_IDENTIFIER = leolu.GengNiuEnglishUITests;
				PRODUCT_NAME = "$(TARGET_NAME)";
				TEST_TARGET_NAME = GengNiuEnglish;
				USES_XCTRUNNER = YES;
			};
			name = Debug;
		};
		F427995B1C18514300240736 /* Release */ = {
			isa = XCBuildConfiguration;
			buildSettings = {
				INFOPLIST_FILE = GengNiuEnglishUITests/Info.plist;
				LD_RUNPATH_SEARCH_PATHS = "$(inherited) @executable_path/Frameworks @loader_path/Frameworks";
				PRODUCT_BUNDLE_IDENTIFIER = leolu.GengNiuEnglishUITests;
				PRODUCT_NAME = "$(TARGET_NAME)";
				TEST_TARGET_NAME = GengNiuEnglish;
				USES_XCTRUNNER = YES;
			};
			name = Release;
		};
/* End XCBuildConfiguration section */

/* Begin XCConfigurationList section */
		F42799211C18514200240736 /* Build configuration list for PBXProject "GengNiuEnglish" */ = {
			isa = XCConfigurationList;
			buildConfigurations = (
				F42799511C18514300240736 /* Debug */,
				F42799521C18514300240736 /* Release */,
			);
			defaultConfigurationIsVisible = 0;
			defaultConfigurationName = Release;
		};
		F42799531C18514300240736 /* Build configuration list for PBXNativeTarget "GengNiuEnglish" */ = {
			isa = XCConfigurationList;
			buildConfigurations = (
				F42799541C18514300240736 /* Debug */,
				F42799551C18514300240736 /* Release */,
			);
			defaultConfigurationIsVisible = 0;
			defaultConfigurationName = Release;
		};
		F42799561C18514300240736 /* Build configuration list for PBXNativeTarget "GengNiuEnglishTests" */ = {
			isa = XCConfigurationList;
			buildConfigurations = (
				F42799571C18514300240736 /* Debug */,
				F42799581C18514300240736 /* Release */,
			);
			defaultConfigurationIsVisible = 0;
			defaultConfigurationName = Release;
		};
		F42799591C18514300240736 /* Build configuration list for PBXNativeTarget "GengNiuEnglishUITests" */ = {
			isa = XCConfigurationList;
			buildConfigurations = (
				F427995A1C18514300240736 /* Debug */,
				F427995B1C18514300240736 /* Release */,
			);
			defaultConfigurationIsVisible = 0;
			defaultConfigurationName = Release;
		};
/* End XCConfigurationList section */
	};
	rootObject = F427991E1C18514200240736 /* Project object */;
}
